
Microsoft Visual Studio Solution File, Format Version 11.00
# Visual Studio 2010
Project("{FAE04EC0-301F-11D3-BF4B-00C04F79EFBC}") = "Pen.Math", "Pen.Math\Pen.Math.csproj", "{1EDF546F-F322-43EA-B3F7-603AD0F726E3}"
EndProject
Project("{FAE04EC0-301F-11D3-BF4B-00C04F79EFBC}") = "Pen.Map", "Pen.Map\Pen.Map.csproj", "{07055943-4A3D-4318-829A-1E4B3917C5EC}"
EndProject
Project("{FAE04EC0-301F-11D3-BF4B-00C04F79EFBC}") = "Pen.Tools", "Pen.Tools\Pen.Tools.csproj", "{731ABB4F-A1D0-49A6-A7C9-BBC81894C3D0}"
EndProject
Project("{FAE04EC0-301F-11D3-BF4B-00C04F79EFBC}") = "Pen.Language", "Pen.Language\Pen.Language.csproj", "{77287FAF-DAB1-4A34-9145-3E1974A5C55B}"
EndProject
Project("{FAE04EC0-301F-11D3-BF4B-00C04F79EFBC}") = "Pen.Intro", "Pen.Intro\Pen.Intro.csproj", "{921F52C1-8410-493D-BB1D-8AE3DBE789BD}"
EndProject
Project("{FAE04EC0-301F-11D3-BF4B-00C04F79EFBC}") = "Pen.Service", "Pen.Service\Pen.Service.csproj", "{A388E8F6-5729-449F-BE8C-9D26C91E7F1B}"
EndProject
Project("{FAE04EC0-301F-11D3-BF4B-00C04F79EFBC}") = "Pen.Service.App", "Pen.Service.App\Pen.Service.App.csproj", "{4C7BB4B4-EBAD-4B4B-95D5-B153DC5B253A}"
EndProject
Global
	GlobalSection(SolutionConfigurationPlatforms) = preSolution
		Debug with Surface|Any CPU = Debug with Surface|Any CPU
		Debug with Surface|Mixed Platforms = Debug with Surface|Mixed Platforms
		Debug with Surface|Win32 = Debug with Surface|Win32
		Debug with Surface|x64 = Debug with Surface|x64
		Debug with Surface|x86 = Debug with Surface|x86
		Debug with TouchLibProvider|Any CPU = Debug with TouchLibProvider|Any CPU
		Debug with TouchLibProvider|Mixed Platforms = Debug with TouchLibProvider|Mixed Platforms
		Debug with TouchLibProvider|Win32 = Debug with TouchLibProvider|Win32
		Debug with TouchLibProvider|x64 = Debug with TouchLibProvider|x64
		Debug with TouchLibProvider|x86 = Debug with TouchLibProvider|x86
		Debug|Any CPU = Debug|Any CPU
		Debug|Mixed Platforms = Debug|Mixed Platforms
		Debug|Win32 = Debug|Win32
		Debug|x64 = Debug|x64
		Debug|x86 = Debug|x86
		Release|Any CPU = Release|Any CPU
		Release|Mixed Platforms = Release|Mixed Platforms
		Release|Win32 = Release|Win32
		Release|x64 = Release|x64
		Release|x86 = Release|x86
	EndGlobalSection
	GlobalSection(ProjectConfigurationPlatforms) = postSolution
		{1EDF546F-F322-43EA-B3F7-603AD0F726E3}.Debug with Surface|Any CPU.ActiveCfg = Debug|Any CPU
		{1EDF546F-F322-43EA-B3F7-603AD0F726E3}.Debug with Surface|Any CPU.Build.0 = Debug|Any CPU
		{1EDF546F-F322-43EA-B3F7-603AD0F726E3}.Debug with Surface|Mixed Platforms.ActiveCfg = Debug|Any CPU
		{1EDF546F-F322-43EA-B3F7-603AD0F726E3}.Debug with Surface|Mixed Platforms.Build.0 = Debug|Any CPU
		{1EDF546F-F322-43EA-B3F7-603AD0F726E3}.Debug with Surface|Win32.ActiveCfg = Debug|Any CPU
		{1EDF546F-F322-43EA-B3F7-603AD0F726E3}.Debug with Surface|x64.ActiveCfg = Debug|x86
		{1EDF546F-F322-43EA-B3F7-603AD0F726E3}.Debug with Surface|x86.ActiveCfg = Debug|Any CPU
		{1EDF546F-F322-43EA-B3F7-603AD0F726E3}.Debug with TouchLibProvider|Any CPU.ActiveCfg = Debug|Any CPU
		{1EDF546F-F322-43EA-B3F7-603AD0F726E3}.Debug with TouchLibProvider|Any CPU.Build.0 = Debug|Any CPU
		{1EDF546F-F322-43EA-B3F7-603AD0F726E3}.Debug with TouchLibProvider|Mixed Platforms.ActiveCfg = Debug|Any CPU
		{1EDF546F-F322-43EA-B3F7-603AD0F726E3}.Debug with TouchLibProvider|Mixed Platforms.Build.0 = Debug|Any CPU
		{1EDF546F-F322-43EA-B3F7-603AD0F726E3}.Debug with TouchLibProvider|Win32.ActiveCfg = Debug|Any CPU
		{1EDF546F-F322-43EA-B3F7-603AD0F726E3}.Debug with TouchLibProvider|x64.ActiveCfg = Debug|x86
		{1EDF546F-F322-43EA-B3F7-603AD0F726E3}.Debug with TouchLibProvider|x86.ActiveCfg = Debug|Any CPU
		{1EDF546F-F322-43EA-B3F7-603AD0F726E3}.Debug|Any CPU.ActiveCfg = Debug|Any CPU
		{1EDF546F-F322-43EA-B3F7-603AD0F726E3}.Debug|Any CPU.Build.0 = Debug|Any CPU
		{1EDF546F-F322-43EA-B3F7-603AD0F726E3}.Debug|Mixed Platforms.ActiveCfg = Debug|Any CPU
		{1EDF546F-F322-43EA-B3F7-603AD0F726E3}.Debug|Mixed Platforms.Build.0 = Debug|Any CPU
		{1EDF546F-F322-43EA-B3F7-603AD0F726E3}.Debug|Win32.ActiveCfg = Debug|Any CPU
		{1EDF546F-F322-43EA-B3F7-603AD0F726E3}.Debug|x64.ActiveCfg = Debug|x86
		{1EDF546F-F322-43EA-B3F7-603AD0F726E3}.Debug|x86.ActiveCfg = Debug|x86
		{1EDF546F-F322-43EA-B3F7-603AD0F726E3}.Debug|x86.Build.0 = Debug|x86
		{1EDF546F-F322-43EA-B3F7-603AD0F726E3}.Release|Any CPU.ActiveCfg = Release|Any CPU
		{1EDF546F-F322-43EA-B3F7-603AD0F726E3}.Release|Any CPU.Build.0 = Release|Any CPU
		{1EDF546F-F322-43EA-B3F7-603AD0F726E3}.Release|Mixed Platforms.ActiveCfg = Release|Any CPU
		{1EDF546F-F322-43EA-B3F7-603AD0F726E3}.Release|Mixed Platforms.Build.0 = Release|Any CPU
		{1EDF546F-F322-43EA-B3F7-603AD0F726E3}.Release|Win32.ActiveCfg = Release|Any CPU
		{1EDF546F-F322-43EA-B3F7-603AD0F726E3}.Release|x64.ActiveCfg = Release|x86
		{1EDF546F-F322-43EA-B3F7-603AD0F726E3}.Release|x86.ActiveCfg = Release|x86
		{1EDF546F-F322-43EA-B3F7-603AD0F726E3}.Release|x86.Build.0 = Release|x86
		{07055943-4A3D-4318-829A-1E4B3917C5EC}.Debug with Surface|Any CPU.ActiveCfg = Debug|x86
		{07055943-4A3D-4318-829A-1E4B3917C5EC}.Debug with Surface|Mixed Platforms.ActiveCfg = Debug|x86
		{07055943-4A3D-4318-829A-1E4B3917C5EC}.Debug with Surface|Mixed Platforms.Build.0 = Debug|x86
		{07055943-4A3D-4318-829A-1E4B3917C5EC}.Debug with Surface|Win32.ActiveCfg = Debug|x86
		{07055943-4A3D-4318-829A-1E4B3917C5EC}.Debug with Surface|x64.ActiveCfg = Debug|x86
		{07055943-4A3D-4318-829A-1E4B3917C5EC}.Debug with Surface|x86.ActiveCfg = Debug|x86
		{07055943-4A3D-4318-829A-1E4B3917C5EC}.Debug with Surface|x86.Build.0 = Debug|x86
		{07055943-4A3D-4318-829A-1E4B3917C5EC}.Debug with TouchLibProvider|Any CPU.ActiveCfg = Debug|x86
		{07055943-4A3D-4318-829A-1E4B3917C5EC}.Debug with TouchLibProvider|Mixed Platforms.ActiveCfg = Debug|x86
		{07055943-4A3D-4318-829A-1E4B3917C5EC}.Debug with TouchLibProvider|Mixed Platforms.Build.0 = Debug|x86
		{07055943-4A3D-4318-829A-1E4B3917C5EC}.Debug with TouchLibProvider|Win32.ActiveCfg = Debug|x86
		{07055943-4A3D-4318-829A-1E4B3917C5EC}.Debug with TouchLibProvider|x64.ActiveCfg = Debug|x86
		{07055943-4A3D-4318-829A-1E4B3917C5EC}.Debug with TouchLibProvider|x86.ActiveCfg = Debug|x86
		{07055943-4A3D-4318-829A-1E4B3917C5EC}.Debug with TouchLibProvider|x86.Build.0 = Debug|x86
		{07055943-4A3D-4318-829A-1E4B3917C5EC}.Debug|Any CPU.ActiveCfg = Debug|Any CPU
		{07055943-4A3D-4318-829A-1E4B3917C5EC}.Debug|Any CPU.Build.0 = Debug|Any CPU
		{07055943-4A3D-4318-829A-1E4B3917C5EC}.Debug|Mixed Platforms.ActiveCfg = Debug|x86
		{07055943-4A3D-4318-829A-1E4B3917C5EC}.Debug|Mixed Platforms.Build.0 = Debug|x86
		{07055943-4A3D-4318-829A-1E4B3917C5EC}.Debug|Win32.ActiveCfg = Debug|x86
		{07055943-4A3D-4318-829A-1E4B3917C5EC}.Debug|x64.ActiveCfg = Debug|x86
		{07055943-4A3D-4318-829A-1E4B3917C5EC}.Debug|x86.ActiveCfg = Debug|x86
		{07055943-4A3D-4318-829A-1E4B3917C5EC}.Debug|x86.Build.0 = Debug|x86
		{07055943-4A3D-4318-829A-1E4B3917C5EC}.Release|Any CPU.ActiveCfg = Release|x86
		{07055943-4A3D-4318-829A-1E4B3917C5EC}.Release|Mixed Platforms.ActiveCfg = Release|x86
		{07055943-4A3D-4318-829A-1E4B3917C5EC}.Release|Mixed Platforms.Build.0 = Release|x86
		{07055943-4A3D-4318-829A-1E4B3917C5EC}.Release|Win32.ActiveCfg = Release|x86
		{07055943-4A3D-4318-829A-1E4B3917C5EC}.Release|x64.ActiveCfg = Release|x86
		{07055943-4A3D-4318-829A-1E4B3917C5EC}.Release|x86.ActiveCfg = Release|x86
		{07055943-4A3D-4318-829A-1E4B3917C5EC}.Release|x86.Build.0 = Release|x86
		{731ABB4F-A1D0-49A6-A7C9-BBC81894C3D0}.Debug with Surface|Any CPU.ActiveCfg = Debug|Any CPU
		{731ABB4F-A1D0-49A6-A7C9-BBC81894C3D0}.Debug with Surface|Any CPU.Build.0 = Debug|Any CPU
		{731ABB4F-A1D0-49A6-A7C9-BBC81894C3D0}.Debug with Surface|Mixed Platforms.ActiveCfg = Debug|Any CPU
		{731ABB4F-A1D0-49A6-A7C9-BBC81894C3D0}.Debug with Surface|Mixed Platforms.Build.0 = Debug|Any CPU
		{731ABB4F-A1D0-49A6-A7C9-BBC81894C3D0}.Debug with Surface|Win32.ActiveCfg = Debug|Any CPU
		{731ABB4F-A1D0-49A6-A7C9-BBC81894C3D0}.Debug with Surface|x64.ActiveCfg = Debug|Any CPU
		{731ABB4F-A1D0-49A6-A7C9-BBC81894C3D0}.Debug with Surface|x86.ActiveCfg = Debug|Any CPU
		{731ABB4F-A1D0-49A6-A7C9-BBC81894C3D0}.Debug with TouchLibProvider|Any CPU.ActiveCfg = Debug|Any CPU
		{731ABB4F-A1D0-49A6-A7C9-BBC81894C3D0}.Debug with TouchLibProvider|Any CPU.Build.0 = Debug|Any CPU
		{731ABB4F-A1D0-49A6-A7C9-BBC81894C3D0}.Debug with TouchLibProvider|Mixed Platforms.ActiveCfg = Debug|Any CPU
		{731ABB4F-A1D0-49A6-A7C9-BBC81894C3D0}.Debug with TouchLibProvider|Mixed Platforms.Build.0 = Debug|Any CPU
		{731ABB4F-A1D0-49A6-A7C9-BBC81894C3D0}.Debug with TouchLibProvider|Win32.ActiveCfg = Debug|Any CPU
		{731ABB4F-A1D0-49A6-A7C9-BBC81894C3D0}.Debug with TouchLibProvider|x64.ActiveCfg = Debug|Any CPU
		{731ABB4F-A1D0-49A6-A7C9-BBC81894C3D0}.Debug with TouchLibProvider|x86.ActiveCfg = Debug|Any CPU
		{731ABB4F-A1D0-49A6-A7C9-BBC81894C3D0}.Debug|Any CPU.ActiveCfg = Debug|Any CPU
		{731ABB4F-A1D0-49A6-A7C9-BBC81894C3D0}.Debug|Any CPU.Build.0 = Debug|Any CPU
		{731ABB4F-A1D0-49A6-A7C9-BBC81894C3D0}.Debug|Mixed Platforms.ActiveCfg = Debug|Any CPU
		{731ABB4F-A1D0-49A6-A7C9-BBC81894C3D0}.Debug|Mixed Platforms.Build.0 = Debug|Any CPU
		{731ABB4F-A1D0-49A6-A7C9-BBC81894C3D0}.Debug|Win32.ActiveCfg = Debug|Any CPU
		{731ABB4F-A1D0-49A6-A7C9-BBC81894C3D0}.Debug|x64.ActiveCfg = Debug|Any CPU
		{731ABB4F-A1D0-49A6-A7C9-BBC81894C3D0}.Debug|x86.ActiveCfg = Debug|Any CPU
		{731ABB4F-A1D0-49A6-A7C9-BBC81894C3D0}.Release|Any CPU.ActiveCfg = Release|Any CPU
		{731ABB4F-A1D0-49A6-A7C9-BBC81894C3D0}.Release|Any CPU.Build.0 = Release|Any CPU
		{731ABB4F-A1D0-49A6-A7C9-BBC81894C3D0}.Release|Mixed Platforms.ActiveCfg = Release|Any CPU
		{731ABB4F-A1D0-49A6-A7C9-BBC81894C3D0}.Release|Mixed Platforms.Build.0 = Release|Any CPU
		{731ABB4F-A1D0-49A6-A7C9-BBC81894C3D0}.Release|Win32.ActiveCfg = Release|Any CPU
		{731ABB4F-A1D0-49A6-A7C9-BBC81894C3D0}.Release|x64.ActiveCfg = Release|Any CPU
		{731ABB4F-A1D0-49A6-A7C9-BBC81894C3D0}.Release|x86.ActiveCfg = Release|Any CPU
		{77287FAF-DAB1-4A34-9145-3E1974A5C55B}.Debug with Surface|Any CPU.ActiveCfg = Debug|x86
		{77287FAF-DAB1-4A34-9145-3E1974A5C55B}.Debug with Surface|Mixed Platforms.ActiveCfg = Debug|x86
		{77287FAF-DAB1-4A34-9145-3E1974A5C55B}.Debug with Surface|Mixed Platforms.Build.0 = Debug|x86
		{77287FAF-DAB1-4A34-9145-3E1974A5C55B}.Debug with Surface|Win32.ActiveCfg = Debug|x86
		{77287FAF-DAB1-4A34-9145-3E1974A5C55B}.Debug with Surface|x64.ActiveCfg = Debug|x86
		{77287FAF-DAB1-4A34-9145-3E1974A5C55B}.Debug with Surface|x86.ActiveCfg = Debug|x86
		{77287FAF-DAB1-4A34-9145-3E1974A5C55B}.Debug with Surface|x86.Build.0 = Debug|x86
		{77287FAF-DAB1-4A34-9145-3E1974A5C55B}.Debug with TouchLibProvider|Any CPU.ActiveCfg = Debug|x86
		{77287FAF-DAB1-4A34-9145-3E1974A5C55B}.Debug with TouchLibProvider|Mixed Platforms.ActiveCfg = Debug|x86
		{77287FAF-DAB1-4A34-9145-3E1974A5C55B}.Debug with TouchLibProvider|Mixed Platforms.Build.0 = Debug|x86
		{77287FAF-DAB1-4A34-9145-3E1974A5C55B}.Debug with TouchLibProvider|Win32.ActiveCfg = Debug|x86
		{77287FAF-DAB1-4A34-9145-3E1974A5C55B}.Debug with TouchLibProvider|x64.ActiveCfg = Debug|x86
		{77287FAF-DAB1-4A34-9145-3E1974A5C55B}.Debug with TouchLibProvider|x86.ActiveCfg = Debug|x86
		{77287FAF-DAB1-4A34-9145-3E1974A5C55B}.Debug with TouchLibProvider|x86.Build.0 = Debug|x86
		{77287FAF-DAB1-4A34-9145-3E1974A5C55B}.Debug|Any CPU.ActiveCfg = Debug|Any CPU
		{77287FAF-DAB1-4A34-9145-3E1974A5C55B}.Debug|Any CPU.Build.0 = Debug|Any CPU
		{77287FAF-DAB1-4A34-9145-3E1974A5C55B}.Debug|Mixed Platforms.ActiveCfg = Debug|x86
		{77287FAF-DAB1-4A34-9145-3E1974A5C55B}.Debug|Mixed Platforms.Build.0 = Debug|x86
		{77287FAF-DAB1-4A34-9145-3E1974A5C55B}.Debug|Win32.ActiveCfg = Debug|x86
		{77287FAF-DAB1-4A34-9145-3E1974A5C55B}.Debug|x64.ActiveCfg = Debug|x86
		{77287FAF-DAB1-4A34-9145-3E1974A5C55B}.Debug|x86.ActiveCfg = Debug|x86
		{77287FAF-DAB1-4A34-9145-3E1974A5C55B}.Debug|x86.Build.0 = Debug|x86
		{77287FAF-DAB1-4A34-9145-3E1974A5C55B}.Release|Any CPU.ActiveCfg = Release|x86
		{77287FAF-DAB1-4A34-9145-3E1974A5C55B}.Release|Mixed Platforms.ActiveCfg = Release|x86
		{77287FAF-DAB1-4A34-9145-3E1974A5C55B}.Release|Mixed Platforms.Build.0 = Release|x86
		{77287FAF-DAB1-4A34-9145-3E1974A5C55B}.Release|Win32.ActiveCfg = Release|x86
		{77287FAF-DAB1-4A34-9145-3E1974A5C55B}.Release|x64.ActiveCfg = Release|x86
		{77287FAF-DAB1-4A34-9145-3E1974A5C55B}.Release|x86.ActiveCfg = Release|x86
		{77287FAF-DAB1-4A34-9145-3E1974A5C55B}.Release|x86.Build.0 = Release|x86
		{921F52C1-8410-493D-BB1D-8AE3DBE789BD}.Debug with Surface|Any CPU.ActiveCfg = Debug|x86
		{921F52C1-8410-493D-BB1D-8AE3DBE789BD}.Debug with Surface|Mixed Platforms.ActiveCfg = Debug|x86
		{921F52C1-8410-493D-BB1D-8AE3DBE789BD}.Debug with Surface|Mixed Platforms.Build.0 = Debug|x86
		{921F52C1-8410-493D-BB1D-8AE3DBE789BD}.Debug with Surface|Win32.ActiveCfg = Debug|x86
		{921F52C1-8410-493D-BB1D-8AE3DBE789BD}.Debug with Surface|x64.ActiveCfg = Debug|x86
		{921F52C1-8410-493D-BB1D-8AE3DBE789BD}.Debug with Surface|x86.ActiveCfg = Debug|x86
		{921F52C1-8410-493D-BB1D-8AE3DBE789BD}.Debug with Surface|x86.Build.0 = Debug|x86
		{921F52C1-8410-493D-BB1D-8AE3DBE789BD}.Debug with TouchLibProvider|Any CPU.ActiveCfg = Debug|x86
		{921F52C1-8410-493D-BB1D-8AE3DBE789BD}.Debug with TouchLibProvider|Mixed Platforms.ActiveCfg = Debug|x86
		{921F52C1-8410-493D-BB1D-8AE3DBE789BD}.Debug with TouchLibProvider|Mixed Platforms.Build.0 = Debug|x86
		{921F52C1-8410-493D-BB1D-8AE3DBE789BD}.Debug with TouchLibProvider|Win32.ActiveCfg = Debug|x86
		{921F52C1-8410-493D-BB1D-8AE3DBE789BD}.Debug with TouchLibProvider|x64.ActiveCfg = Debug|x86
		{921F52C1-8410-493D-BB1D-8AE3DBE789BD}.Debug with TouchLibProvider|x86.ActiveCfg = Debug|x86
		{921F52C1-8410-493D-BB1D-8AE3DBE789BD}.Debug with TouchLibProvider|x86.Build.0 = Debug|x86
		{921F52C1-8410-493D-BB1D-8AE3DBE789BD}.Debug|Any CPU.ActiveCfg = Debug|Any CPU
		{921F52C1-8410-493D-BB1D-8AE3DBE789BD}.Debug|Any CPU.Build.0 = Debug|Any CPU
		{921F52C1-8410-493D-BB1D-8AE3DBE789BD}.Debug|Mixed Platforms.ActiveCfg = Debug|x86
		{921F52C1-8410-493D-BB1D-8AE3DBE789BD}.Debug|Mixed Platforms.Build.0 = Debug|x86
		{921F52C1-8410-493D-BB1D-8AE3DBE789BD}.Debug|Win32.ActiveCfg = Debug|x86
		{921F52C1-8410-493D-BB1D-8AE3DBE789BD}.Debug|x64.ActiveCfg = Debug|x86
		{921F52C1-8410-493D-BB1D-8AE3DBE789BD}.Debug|x86.ActiveCfg = Debug|x86
		{921F52C1-8410-493D-BB1D-8AE3DBE789BD}.Debug|x86.Build.0 = Debug|x86
		{921F52C1-8410-493D-BB1D-8AE3DBE789BD}.Release|Any CPU.ActiveCfg = Release|x86
		{921F52C1-8410-493D-BB1D-8AE3DBE789BD}.Release|Mixed Platforms.ActiveCfg = Release|x86
		{921F52C1-8410-493D-BB1D-8AE3DBE789BD}.Release|Mixed Platforms.Build.0 = Release|x86
		{921F52C1-8410-493D-BB1D-8AE3DBE789BD}.Release|Win32.ActiveCfg = Release|x86
		{921F52C1-8410-493D-BB1D-8AE3DBE789BD}.Release|x64.ActiveCfg = Release|x86
		{921F52C1-8410-493D-BB1D-8AE3DBE789BD}.Release|x86.ActiveCfg = Release|x86
		{921F52C1-8410-493D-BB1D-8AE3DBE789BD}.Release|x86.Build.0 = Release|x86
		{A388E8F6-5729-449F-BE8C-9D26C91E7F1B}.Debug with Surface|Any CPU.ActiveCfg = Debug|Any CPU
		{A388E8F6-5729-449F-BE8C-9D26C91E7F1B}.Debug with Surface|Any CPU.Build.0 = Debug|Any CPU
		{A388E8F6-5729-449F-BE8C-9D26C91E7F1B}.Debug with Surface|Mixed Platforms.ActiveCfg = Debug|Any CPU
		{A388E8F6-5729-449F-BE8C-9D26C91E7F1B}.Debug with Surface|Mixed Platforms.Build.0 = Debug|Any CPU
		{A388E8F6-5729-449F-BE8C-9D26C91E7F1B}.Debug with Surface|Win32.ActiveCfg = Debug|Any CPU
		{A388E8F6-5729-449F-BE8C-9D26C91E7F1B}.Debug with Surface|x64.ActiveCfg = Debug|Any CPU
		{A388E8F6-5729-449F-BE8C-9D26C91E7F1B}.Debug with Surface|x86.ActiveCfg = Debug|Any CPU
		{A388E8F6-5729-449F-BE8C-9D26C91E7F1B}.Debug with TouchLibProvider|Any CPU.ActiveCfg = Debug|Any CPU
		{A388E8F6-5729-449F-BE8C-9D26C91E7F1B}.Debug with TouchLibProvider|Any CPU.Build.0 = Debug|Any CPU
		{A388E8F6-5729-449F-BE8C-9D26C91E7F1B}.Debug with TouchLibProvider|Mixed Platforms.ActiveCfg = Debug|Any CPU
		{A388E8F6-5729-449F-BE8C-9D26C91E7F1B}.Debug with TouchLibProvider|Mixed Platforms.Build.0 = Debug|Any CPU
		{A388E8F6-5729-449F-BE8C-9D26C91E7F1B}.Debug with TouchLibProvider|Win32.ActiveCfg = Debug|Any CPU
		{A388E8F6-5729-449F-BE8C-9D26C91E7F1B}.Debug with TouchLibProvider|x64.ActiveCfg = Debug|Any CPU
		{A388E8F6-5729-449F-BE8C-9D26C91E7F1B}.Debug with TouchLibProvider|x86.ActiveCfg = Debug|Any CPU
		{A388E8F6-5729-449F-BE8C-9D26C91E7F1B}.Debug|Any CPU.ActiveCfg = Debug|Any CPU
		{A388E8F6-5729-449F-BE8C-9D26C91E7F1B}.Debug|Any CPU.Build.0 = Debug|Any CPU
		{A388E8F6-5729-449F-BE8C-9D26C91E7F1B}.Debug|Mixed Platforms.ActiveCfg = Debug|Any CPU
		{A388E8F6-5729-449F-BE8C-9D26C91E7F1B}.Debug|Mixed Platforms.Build.0 = Debug|Any CPU
		{A388E8F6-5729-449F-BE8C-9D26C91E7F1B}.Debug|Win32.ActiveCfg = Debug|Any CPU
		{A388E8F6-5729-449F-BE8C-9D26C91E7F1B}.Debug|x64.ActiveCfg = Debug|Any CPU
		{A388E8F6-5729-449F-BE8C-9D26C91E7F1B}.Debug|x86.ActiveCfg = Debug|Any CPU
		{A388E8F6-5729-449F-BE8C-9D26C91E7F1B}.Release|Any CPU.ActiveCfg = Release|Any CPU
		{A388E8F6-5729-449F-BE8C-9D26C91E7F1B}.Release|Any CPU.Build.0 = Release|Any CPU
		{A388E8F6-5729-449F-BE8C-9D26C91E7F1B}.Release|Mixed Platforms.ActiveCfg = Release|Any CPU
		{A388E8F6-5729-449F-BE8C-9D26C91E7F1B}.Release|Mixed Platforms.Build.0 = Release|Any CPU
		{A388E8F6-5729-449F-BE8C-9D26C91E7F1B}.Release|Win32.ActiveCfg = Release|Any CPU
		{A388E8F6-5729-449F-BE8C-9D26C91E7F1B}.Release|x64.ActiveCfg = Release|Any CPU
		{A388E8F6-5729-449F-BE8C-9D26C91E7F1B}.Release|x86.ActiveCfg = Release|Any CPU
		{4C7BB4B4-EBAD-4B4B-95D5-B153DC5B253A}.Debug with Surface|Any CPU.ActiveCfg = Debug|x86
		{4C7BB4B4-EBAD-4B4B-95D5-B153DC5B253A}.Debug with Surface|Mixed Platforms.ActiveCfg = Debug|x86
		{4C7BB4B4-EBAD-4B4B-95D5-B153DC5B253A}.Debug with Surface|Mixed Platforms.Build.0 = Debug|x86
		{4C7BB4B4-EBAD-4B4B-95D5-B153DC5B253A}.Debug with Surface|Win32.ActiveCfg = Debug|x86
		{4C7BB4B4-EBAD-4B4B-95D5-B153DC5B253A}.Debug with Surface|x64.ActiveCfg = Debug|x86
		{4C7BB4B4-EBAD-4B4B-95D5-B153DC5B253A}.Debug with Surface|x86.ActiveCfg = Debug|x86
		{4C7BB4B4-EBAD-4B4B-95D5-B153DC5B253A}.Debug with Surface|x86.Build.0 = Debug|x86
		{4C7BB4B4-EBAD-4B4B-95D5-B153DC5B253A}.Debug with TouchLibProvider|Any CPU.ActiveCfg = Debug|x86
		{4C7BB4B4-EBAD-4B4B-95D5-B153DC5B253A}.Debug with TouchLibProvider|Mixed Platforms.ActiveCfg = Debug|x86
		{4C7BB4B4-EBAD-4B4B-95D5-B153DC5B253A}.Debug with TouchLibProvider|Mixed Platforms.Build.0 = Debug|x86
		{4C7BB4B4-EBAD-4B4B-95D5-B153DC5B253A}.Debug with TouchLibProvider|Win32.ActiveCfg = Debug|x86
		{4C7BB4B4-EBAD-4B4B-95D5-B153DC5B253A}.Debug with TouchLibProvider|x64.ActiveCfg = Debug|x86
		{4C7BB4B4-EBAD-4B4B-95D5-B153DC5B253A}.Debug with TouchLibProvider|x86.ActiveCfg = Debug|x86
		{4C7BB4B4-EBAD-4B4B-95D5-B153DC5B253A}.Debug with TouchLibProvider|x86.Build.0 = Debug|x86
		{4C7BB4B4-EBAD-4B4B-95D5-B153DC5B253A}.Debug|Any CPU.ActiveCfg = Debug|Any CPU
		{4C7BB4B4-EBAD-4B4B-95D5-B153DC5B253A}.Debug|Any CPU.Build.0 = Debug|Any CPU
		{4C7BB4B4-EBAD-4B4B-95D5-B153DC5B253A}.Debug|Mixed Platforms.ActiveCfg = Debug|x86
		{4C7BB4B4-EBAD-4B4B-95D5-B153DC5B253A}.Debug|Mixed Platforms.Build.0 = Debug|x86
		{4C7BB4B4-EBAD-4B4B-95D5-B153DC5B253A}.Debug|Win32.ActiveCfg = Debug|x86
		{4C7BB4B4-EBAD-4B4B-95D5-B153DC5B253A}.Debug|x64.ActiveCfg = Debug|x86
		{4C7BB4B4-EBAD-4B4B-95D5-B153DC5B253A}.Debug|x86.ActiveCfg = Debug|x86
		{4C7BB4B4-EBAD-4B4B-95D5-B153DC5B253A}.Debug|x86.Build.0 = Debug|x86
		{4C7BB4B4-EBAD-4B4B-95D5-B153DC5B253A}.Release|Any CPU.ActiveCfg = Release|x86
		{4C7BB4B4-EBAD-4B4B-95D5-B153DC5B253A}.Release|Mixed Platforms.ActiveCfg = Release|x86
		{4C7BB4B4-EBAD-4B4B-95D5-B153DC5B253A}.Release|Mixed Platforms.Build.0 = Release|x86
		{4C7BB4B4-EBAD-4B4B-95D5-B153DC5B253A}.Release|Win32.ActiveCfg = Release|x86
		{4C7BB4B4-EBAD-4B4B-95D5-B153DC5B253A}.Release|x64.ActiveCfg = Release|x86
		{4C7BB4B4-EBAD-4B4B-95D5-B153DC5B253A}.Release|x86.ActiveCfg = Release|x86
		{4C7BB4B4-EBAD-4B4B-95D5-B153DC5B253A}.Release|x86.Build.0 = Release|x86
	EndGlobalSection
	GlobalSection(SolutionProperties) = preSolution
		HideSolutionNode = FALSE
	EndGlobalSection
EndGlobal
